
Microsoft Visual Studio Solution File, Format Version 12.00
# Visual Studio Version 17
VisualStudioVersion = 17.1.32319.34
MinimumVisualStudioVersion = 10.0.40219.1
Project("{9A19103F-16F7-4668-BE54-9A1E7A4F7556}") = "GenericClass", "GenericClass\GenericClass.csproj", "{277D7821-44B3-4966-A7D3-0A1B08F0F88B}"
EndProject
Project("{9A19103F-16F7-4668-BE54-9A1E7A4F7556}") = "SingleLinkedListTest", "SingleLinkedListTest\SingleLinkedListTest.csproj", "{69702C47-683A-4E6B-9048-C855AB693717}"
EndProject
Project("{9A19103F-16F7-4668-BE54-9A1E7A4F7556}") = "SingleLinkedList", "SingleLinkedList\SingleLinkedList.csproj", "{62AB419B-1AFE-4C17-9DB7-810BF03EABCE}"
EndProject
Project("{9A19103F-16F7-4668-BE54-9A1E7A4F7556}") = "Stack", "Stack\Stack.csproj", "{B468E65F-F63F-4C91-9C0C-EF766491C859}"
EndProject
Project("{9A19103F-16F7-4668-BE54-9A1E7A4F7556}") = "SingeltonPattern", "SingeltonPattern\SingeltonPattern.csproj", "{4E4937A4-68EC-4B5E-9B50-E98251295D17}"
EndProject
Project("{9A19103F-16F7-4668-BE54-9A1E7A4F7556}") = "Common", "Common\Common.csproj", "{C933BE73-03AF-44A7-8B93-54089A96EA25}"
EndProject
Project("{9A19103F-16F7-4668-BE54-9A1E7A4F7556}") = "SortAlgorithmTest", "SortAlgorithmTest\SortAlgorithmTest.csproj", "{B7E5D861-2ED9-47EB-A02D-07C671490CC8}"
EndProject
Project("{9A19103F-16F7-4668-BE54-9A1E7A4F7556}") = "StackUnitTests", "StackUnitTests\StackUnitTests.csproj", "{0478932E-0743-4882-B9B7-54954BD0852D}"
EndProject
Project("{FAE04EC0-301F-11D3-BF4B-00C04F79EFBC}") = "MyQueue", "MyQueue\MyQueue.csproj", "{EED0B959-B442-4158-9A17-545647D3A4D4}"
EndProject
Project("{FAE04EC0-301F-11D3-BF4B-00C04F79EFBC}") = "QueueUnitTests", "QueueUnitTests\QueueUnitTests.csproj", "{02FED0E1-1ECF-4F97-9D16-2E42A564D8BB}"
EndProject
Global
	GlobalSection(SolutionConfigurationPlatforms) = preSolution
		Debug|Any CPU = Debug|Any CPU
		Release|Any CPU = Release|Any CPU
	EndGlobalSection
	GlobalSection(ProjectConfigurationPlatforms) = postSolution
		{277D7821-44B3-4966-A7D3-0A1B08F0F88B}.Debug|Any CPU.ActiveCfg = Debug|Any CPU
		{277D7821-44B3-4966-A7D3-0A1B08F0F88B}.Debug|Any CPU.Build.0 = Debug|Any CPU
		{277D7821-44B3-4966-A7D3-0A1B08F0F88B}.Release|Any CPU.ActiveCfg = Release|Any CPU
		{277D7821-44B3-4966-A7D3-0A1B08F0F88B}.Release|Any CPU.Build.0 = Release|Any CPU
		{69702C47-683A-4E6B-9048-C855AB693717}.Debug|Any CPU.ActiveCfg = Debug|Any CPU
		{69702C47-683A-4E6B-9048-C855AB693717}.Debug|Any CPU.Build.0 = Debug|Any CPU
		{69702C47-683A-4E6B-9048-C855AB693717}.Release|Any CPU.ActiveCfg = Release|Any CPU
		{69702C47-683A-4E6B-9048-C855AB693717}.Release|Any CPU.Build.0 = Release|Any CPU
		{62AB419B-1AFE-4C17-9DB7-810BF03EABCE}.Debug|Any CPU.ActiveCfg = Debug|Any CPU
		{62AB419B-1AFE-4C17-9DB7-810BF03EABCE}.Debug|Any CPU.Build.0 = Debug|Any CPU
		{62AB419B-1AFE-4C17-9DB7-810BF03EABCE}.Release|Any CPU.ActiveCfg = Release|Any CPU
		{62AB419B-1AFE-4C17-9DB7-810BF03EABCE}.Release|Any CPU.Build.0 = Release|Any CPU
		{B468E65F-F63F-4C91-9C0C-EF766491C859}.Debug|Any CPU.ActiveCfg = Debug|Any CPU
		{B468E65F-F63F-4C91-9C0C-EF766491C859}.Debug|Any CPU.Build.0 = Debug|Any CPU
		{B468E65F-F63F-4C91-9C0C-EF766491C859}.Release|Any CPU.ActiveCfg = Release|Any CPU
		{B468E65F-F63F-4C91-9C0C-EF766491C859}.Release|Any CPU.Build.0 = Release|Any CPU
		{4E4937A4-68EC-4B5E-9B50-E98251295D17}.Debug|Any CPU.ActiveCfg = Debug|Any CPU
		{4E4937A4-68EC-4B5E-9B50-E98251295D17}.Debug|Any CPU.Build.0 = Debug|Any CPU
		{4E4937A4-68EC-4B5E-9B50-E98251295D17}.Release|Any CPU.ActiveCfg = Release|Any CPU
		{4E4937A4-68EC-4B5E-9B50-E98251295D17}.Release|Any CPU.Build.0 = Release|Any CPU
		{C933BE73-03AF-44A7-8B93-54089A96EA25}.Debug|Any CPU.ActiveCfg = Debug|Any CPU
		{C933BE73-03AF-44A7-8B93-54089A96EA25}.Debug|Any CPU.Build.0 = Debug|Any CPU
		{C933BE73-03AF-44A7-8B93-54089A96EA25}.Release|Any CPU.ActiveCfg = Release|Any CPU
		{C933BE73-03AF-44A7-8B93-54089A96EA25}.Release|Any CPU.Build.0 = Release|Any CPU
		{B7E5D861-2ED9-47EB-A02D-07C671490CC8}.Debug|Any CPU.ActiveCfg = Debug|Any CPU
		{B7E5D861-2ED9-47EB-A02D-07C671490CC8}.Debug|Any CPU.Build.0 = Debug|Any CPU
		{B7E5D861-2ED9-47EB-A02D-07C671490CC8}.Release|Any CPU.ActiveCfg = Release|Any CPU
		{B7E5D861-2ED9-47EB-A02D-07C671490CC8}.Release|Any CPU.Build.0 = Release|Any CPU
		{0478932E-0743-4882-B9B7-54954BD0852D}.Debug|Any CPU.ActiveCfg = Debug|Any CPU
		{0478932E-0743-4882-B9B7-54954BD0852D}.Debug|Any CPU.Build.0 = Debug|Any CPU
		{0478932E-0743-4882-B9B7-54954BD0852D}.Release|Any CPU.ActiveCfg = Release|Any CPU
		{0478932E-0743-4882-B9B7-54954BD0852D}.Release|Any CPU.Build.0 = Release|Any CPU
		{EED0B959-B442-4158-9A17-545647D3A4D4}.Debug|Any CPU.ActiveCfg = Debug|Any CPU
		{EED0B959-B442-4158-9A17-545647D3A4D4}.Debug|Any CPU.Build.0 = Debug|Any CPU
		{EED0B959-B442-4158-9A17-545647D3A4D4}.Release|Any CPU.ActiveCfg = Release|Any CPU
		{EED0B959-B442-4158-9A17-545647D3A4D4}.Release|Any CPU.Build.0 = Release|Any CPU
		{02FED0E1-1ECF-4F97-9D16-2E42A564D8BB}.Debug|Any CPU.ActiveCfg = Debug|Any CPU
		{02FED0E1-1ECF-4F97-9D16-2E42A564D8BB}.Debug|Any CPU.Build.0 = Debug|Any CPU
		{02FED0E1-1ECF-4F97-9D16-2E42A564D8BB}.Release|Any CPU.ActiveCfg = Release|Any CPU
		{02FED0E1-1ECF-4F97-9D16-2E42A564D8BB}.Release|Any CPU.Build.0 = Release|Any CPU
	EndGlobalSection
	GlobalSection(SolutionProperties) = preSolution
		HideSolutionNode = FALSE
	EndGlobalSection
	GlobalSection(ExtensibilityGlobals) = postSolution
		SolutionGuid = {823BB102-ED55-4829-A3B3-BC4AADE93856}
	EndGlobalSection
EndGlobal
