
Microsoft Visual Studio Solution File, Format Version 12.00
# Visual Studio Version 17
VisualStudioVersion = 17.1.32328.378
MinimumVisualStudioVersion = 10.0.40219.1
Project("{FAE04EC0-301F-11D3-BF4B-00C04F79EFBC}") = "single_linked_list", "single_linked_list\single_linked_list.csproj", "{AEF49676-B977-47BD-B1F4-B35A08C0F942}"
EndProject
Global
	GlobalSection(SolutionConfigurationPlatforms) = preSolution
		Debug|Any CPU = Debug|Any CPU
		Release|Any CPU = Release|Any CPU
	EndGlobalSection
	GlobalSection(ProjectConfigurationPlatforms) = postSolution
		{AEF49676-B977-47BD-B1F4-B35A08C0F942}.Debug|Any CPU.ActiveCfg = Debug|Any CPU
		{AEF49676-B977-47BD-B1F4-B35A08C0F942}.Debug|Any CPU.Build.0 = Debug|Any CPU
		{AEF49676-B977-47BD-B1F4-B35A08C0F942}.Release|Any CPU.ActiveCfg = Release|Any CPU
		{AEF49676-B977-47BD-B1F4-B35A08C0F942}.Release|Any CPU.Build.0 = Release|Any CPU
	EndGlobalSection
	GlobalSection(SolutionProperties) = preSolution
		HideSolutionNode = FALSE
	EndGlobalSection
	GlobalSection(ExtensibilityGlobals) = postSolution
		SolutionGuid = {8A044784-0723-43B0-9267-3359DB65A3E1}
	EndGlobalSection
EndGlobal
